
Microsoft Visual Studio Solution File, Format Version 12.00
# Visual Studio Version 17
VisualStudioVersion = 17.5.33516.290
MinimumVisualStudioVersion = 10.0.40219.1
Project("{F184B08F-C81C-45F6-A57F-5ABD9991F28F}") = "DBMS", "DBMS\DBMS.vbproj", "{CA354CD0-C3E3-4FA5-ADE4-40272A5E6DC5}"
EndProject
Global
	GlobalSection(SolutionConfigurationPlatforms) = preSolution
		Debug|Any CPU = Debug|Any CPU
		Release|Any CPU = Release|Any CPU
	EndGlobalSection
	GlobalSection(ProjectConfigurationPlatforms) = postSolution
		{CA354CD0-C3E3-4FA5-ADE4-40272A5E6DC5}.Debug|Any CPU.ActiveCfg = Debug|Any CPU
		{CA354CD0-C3E3-4FA5-ADE4-40272A5E6DC5}.Debug|Any CPU.Build.0 = Debug|Any CPU
		{CA354CD0-C3E3-4FA5-ADE4-40272A5E6DC5}.Release|Any CPU.ActiveCfg = Release|Any CPU
		{CA354CD0-C3E3-4FA5-ADE4-40272A5E6DC5}.Release|Any CPU.Build.0 = Release|Any CPU
	EndGlobalSection
	GlobalSection(SolutionProperties) = preSolution
		HideSolutionNode = FALSE
	EndGlobalSection
	GlobalSection(ExtensibilityGlobals) = postSolution
		SolutionGuid = {A742629F-7646-490D-AADF-B5938EC572CF}
	EndGlobalSection
EndGlobal
